
Microsoft Visual Studio Solution File, Format Version 12.00
# Visual Studio Version 16
VisualStudioVersion = 16.0.31105.61
MinimumVisualStudioVersion = 10.0.40219.1
Project("{FAE04EC0-301F-11D3-BF4B-00C04F79EFBC}") = "Ait.SockCar.Client.Wpf", "Ait.SockCar.Client.Wpf\Ait.SockCar.Client.Wpf.csproj", "{7DE57431-F73B-4B4B-AE54-342018E390DF}"
EndProject
Project("{FAE04EC0-301F-11D3-BF4B-00C04F79EFBC}") = "Ait.SockCar.Client.Core", "Ait.SockCar.Client.Core\Ait.SockCar.Client.Core.csproj", "{1DC22F46-DDB4-4D36-867F-FC7442E449DF}"
EndProject
Global
	GlobalSection(SolutionConfigurationPlatforms) = preSolution
		Debug|Any CPU = Debug|Any CPU
		Release|Any CPU = Release|Any CPU
	EndGlobalSection
	GlobalSection(ProjectConfigurationPlatforms) = postSolution
		{7DE57431-F73B-4B4B-AE54-342018E390DF}.Debug|Any CPU.ActiveCfg = Debug|Any CPU
		{7DE57431-F73B-4B4B-AE54-342018E390DF}.Debug|Any CPU.Build.0 = Debug|Any CPU
		{7DE57431-F73B-4B4B-AE54-342018E390DF}.Release|Any CPU.ActiveCfg = Release|Any CPU
		{7DE57431-F73B-4B4B-AE54-342018E390DF}.Release|Any CPU.Build.0 = Release|Any CPU
		{1DC22F46-DDB4-4D36-867F-FC7442E449DF}.Debug|Any CPU.ActiveCfg = Debug|Any CPU
		{1DC22F46-DDB4-4D36-867F-FC7442E449DF}.Debug|Any CPU.Build.0 = Debug|Any CPU
		{1DC22F46-DDB4-4D36-867F-FC7442E449DF}.Release|Any CPU.ActiveCfg = Release|Any CPU
		{1DC22F46-DDB4-4D36-867F-FC7442E449DF}.Release|Any CPU.Build.0 = Release|Any CPU
	EndGlobalSection
	GlobalSection(SolutionProperties) = preSolution
		HideSolutionNode = FALSE
	EndGlobalSection
	GlobalSection(ExtensibilityGlobals) = postSolution
		SolutionGuid = {88376767-D249-424F-870D-BCC4CD460FFC}
	EndGlobalSection
EndGlobal
